
Microsoft Visual Studio Solution File, Format Version 12.00
# Visual Studio Version 17
VisualStudioVersion = 17.7.34221.43
MinimumVisualStudioVersion = 10.0.40219.1
Project("{FAE04EC0-301F-11D3-BF4B-00C04F79EFBC}") = "Day17Assignment22", "Day17Assignment22\Day17Assignment22.csproj", "{7B00474E-F75E-4BFC-A908-E008A924789D}"
EndProject
Global
	GlobalSection(SolutionConfigurationPlatforms) = preSolution
		Debug|Any CPU = Debug|Any CPU
		Release|Any CPU = Release|Any CPU
	EndGlobalSection
	GlobalSection(ProjectConfigurationPlatforms) = postSolution
		{7B00474E-F75E-4BFC-A908-E008A924789D}.Debug|Any CPU.ActiveCfg = Debug|Any CPU
		{7B00474E-F75E-4BFC-A908-E008A924789D}.Debug|Any CPU.Build.0 = Debug|Any CPU
		{7B00474E-F75E-4BFC-A908-E008A924789D}.Release|Any CPU.ActiveCfg = Release|Any CPU
		{7B00474E-F75E-4BFC-A908-E008A924789D}.Release|Any CPU.Build.0 = Release|Any CPU
	EndGlobalSection
	GlobalSection(SolutionProperties) = preSolution
		HideSolutionNode = FALSE
	EndGlobalSection
	GlobalSection(ExtensibilityGlobals) = postSolution
		SolutionGuid = {5BCDC0A5-F60D-4CF5-A31F-D2E7A214CDA6}
	EndGlobalSection
EndGlobal
